
Microsoft Visual Studio Solution File, Format Version 12.00
# Visual Studio Version 16
VisualStudioVersion = 16.0.30804.86
MinimumVisualStudioVersion = 10.0.40219.1
Project("{FAE04EC0-301F-11D3-BF4B-00C04F79EFBC}") = "Abuse", "Abuse\Abuse.csproj", "{316288B7-B7F3-42C9-885D-EA8A419E2517}"
EndProject
Global
	GlobalSection(SolutionConfigurationPlatforms) = preSolution
		Debug|Any CPU = Debug|Any CPU
		Release|Any CPU = Release|Any CPU
	EndGlobalSection
	GlobalSection(ProjectConfigurationPlatforms) = postSolution
		{316288B7-B7F3-42C9-885D-EA8A419E2517}.Debug|Any CPU.ActiveCfg = Debug|Any CPU
		{316288B7-B7F3-42C9-885D-EA8A419E2517}.Debug|Any CPU.Build.0 = Debug|Any CPU
		{316288B7-B7F3-42C9-885D-EA8A419E2517}.Release|Any CPU.ActiveCfg = Release|Any CPU
		{316288B7-B7F3-42C9-885D-EA8A419E2517}.Release|Any CPU.Build.0 = Release|Any CPU
	EndGlobalSection
	GlobalSection(SolutionProperties) = preSolution
		HideSolutionNode = FALSE
	EndGlobalSection
	GlobalSection(ExtensibilityGlobals) = postSolution
		SolutionGuid = {0D11C223-C7BE-4EE8-989F-51B8AAF073C7}
	EndGlobalSection
EndGlobal
